
Microsoft Visual Studio Solution File, Format Version 12.00
# Visual Studio Version 17
VisualStudioVersion = 17.5.33414.496
MinimumVisualStudioVersion = 10.0.40219.1
Project("{FAE04EC0-301F-11D3-BF4B-00C04F79EFBC}") = "Coding problem solving", "ConsoleApp1\Coding problem solving.csproj", "{CE9BDC45-87C2-45EE-BAC3-FBD123C18F24}"
EndProject
Project("{9A19103F-16F7-4668-BE54-9A1E7A4F7556}") = "Boy or Girl", "Boy or Girl\Boy or Girl.csproj", "{B1AD96BF-FE40-4809-8668-34894767F838}"
EndProject
Project("{9A19103F-16F7-4668-BE54-9A1E7A4F7556}") = "Elephant", "Elephant\Elephant.csproj", "{C974B24A-103B-4A8A-87D4-9860D1978182}"
EndProject
Project("{9A19103F-16F7-4668-BE54-9A1E7A4F7556}") = "Translation", "Translation\Translation.csproj", "{86D989C4-2C6A-43DA-99B1-B21D3FABE67D}"
EndProject
Project("{9A19103F-16F7-4668-BE54-9A1E7A4F7556}") = "Helpful Maths", "Helpful Maths\Helpful Maths.csproj", "{E3683F80-FC1A-4C77-8575-072E4791499F}"
EndProject
Project("{9A19103F-16F7-4668-BE54-9A1E7A4F7556}") = "Word", "Word\Word.csproj", "{5C62D8E8-4CC4-4E84-886F-5D1CC5C0ABD8}"
EndProject
Project("{9A19103F-16F7-4668-BE54-9A1E7A4F7556}") = "Nearly Lucky Number", "Nearly Lucky Number\Nearly Lucky Number.csproj", "{3E26DEEE-DB4A-4FD6-B1D0-0A2A614EBC77}"
EndProject
Project("{FAE04EC0-301F-11D3-BF4B-00C04F79EFBC}") = "Bear and Big Brother", "Bear and Big Brother\Bear and Big Brother.csproj", "{247B15C8-9236-474C-83E6-F8C941DEBC52}"
EndProject
Project("{FAE04EC0-301F-11D3-BF4B-00C04F79EFBC}") = "Pangram", "Pangram\Pangram.csproj", "{B78B5D3D-F5A6-4F70-A84C-05F2E14ED4C0}"
EndProject
Project("{FAE04EC0-301F-11D3-BF4B-00C04F79EFBC}") = "Again Twenty Five!", "Again Twenty Five!\Again Twenty Five!.csproj", "{3F7D84C5-9771-4B82-9AE8-4F372A93A9D4}"
EndProject
Project("{FAE04EC0-301F-11D3-BF4B-00C04F79EFBC}") = "Wrong Substraction", "Wrong Substraction\Wrong Substraction.csproj", "{4C3E2EE8-6603-4371-A2CD-A877675B2DE5}"
EndProject
Project("{FAE04EC0-301F-11D3-BF4B-00C04F79EFBC}") = "In Search of an Easy Problem", "In Search of an Easy Problem\In Search of an Easy Problem.csproj", "{439B08CD-A0B0-4BC9-AF68-432A2FA03BB9}"
EndProject
Project("{FAE04EC0-301F-11D3-BF4B-00C04F79EFBC}") = "Calculating Function", "Calculating Function\Calculating Function.csproj", "{ECA1C91C-F913-4446-B9C0-BCEFA23E82E6}"
EndProject
Project("{FAE04EC0-301F-11D3-BF4B-00C04F79EFBC}") = "Drinks", "Drinks\Drinks.csproj", "{B97C22F5-0896-4393-86FC-718BD78B4259}"
EndProject
Project("{FAE04EC0-301F-11D3-BF4B-00C04F79EFBC}") = "Sum", "Sum\Sum.csproj", "{E1989F71-C96B-4049-8FD7-39E23999B361}"
EndProject
Global
	GlobalSection(SolutionConfigurationPlatforms) = preSolution
		Debug|Any CPU = Debug|Any CPU
		Release|Any CPU = Release|Any CPU
	EndGlobalSection
	GlobalSection(ProjectConfigurationPlatforms) = postSolution
		{CE9BDC45-87C2-45EE-BAC3-FBD123C18F24}.Debug|Any CPU.ActiveCfg = Debug|Any CPU
		{CE9BDC45-87C2-45EE-BAC3-FBD123C18F24}.Debug|Any CPU.Build.0 = Debug|Any CPU
		{CE9BDC45-87C2-45EE-BAC3-FBD123C18F24}.Release|Any CPU.ActiveCfg = Release|Any CPU
		{CE9BDC45-87C2-45EE-BAC3-FBD123C18F24}.Release|Any CPU.Build.0 = Release|Any CPU
		{B1AD96BF-FE40-4809-8668-34894767F838}.Debug|Any CPU.ActiveCfg = Debug|Any CPU
		{B1AD96BF-FE40-4809-8668-34894767F838}.Debug|Any CPU.Build.0 = Debug|Any CPU
		{B1AD96BF-FE40-4809-8668-34894767F838}.Release|Any CPU.ActiveCfg = Release|Any CPU
		{B1AD96BF-FE40-4809-8668-34894767F838}.Release|Any CPU.Build.0 = Release|Any CPU
		{C974B24A-103B-4A8A-87D4-9860D1978182}.Debug|Any CPU.ActiveCfg = Debug|Any CPU
		{C974B24A-103B-4A8A-87D4-9860D1978182}.Debug|Any CPU.Build.0 = Debug|Any CPU
		{C974B24A-103B-4A8A-87D4-9860D1978182}.Release|Any CPU.ActiveCfg = Release|Any CPU
		{C974B24A-103B-4A8A-87D4-9860D1978182}.Release|Any CPU.Build.0 = Release|Any CPU
		{86D989C4-2C6A-43DA-99B1-B21D3FABE67D}.Debug|Any CPU.ActiveCfg = Debug|Any CPU
		{86D989C4-2C6A-43DA-99B1-B21D3FABE67D}.Debug|Any CPU.Build.0 = Debug|Any CPU
		{86D989C4-2C6A-43DA-99B1-B21D3FABE67D}.Release|Any CPU.ActiveCfg = Release|Any CPU
		{86D989C4-2C6A-43DA-99B1-B21D3FABE67D}.Release|Any CPU.Build.0 = Release|Any CPU
		{E3683F80-FC1A-4C77-8575-072E4791499F}.Debug|Any CPU.ActiveCfg = Debug|Any CPU
		{E3683F80-FC1A-4C77-8575-072E4791499F}.Debug|Any CPU.Build.0 = Debug|Any CPU
		{E3683F80-FC1A-4C77-8575-072E4791499F}.Release|Any CPU.ActiveCfg = Release|Any CPU
		{E3683F80-FC1A-4C77-8575-072E4791499F}.Release|Any CPU.Build.0 = Release|Any CPU
		{5C62D8E8-4CC4-4E84-886F-5D1CC5C0ABD8}.Debug|Any CPU.ActiveCfg = Debug|Any CPU
		{5C62D8E8-4CC4-4E84-886F-5D1CC5C0ABD8}.Debug|Any CPU.Build.0 = Debug|Any CPU
		{5C62D8E8-4CC4-4E84-886F-5D1CC5C0ABD8}.Release|Any CPU.ActiveCfg = Release|Any CPU
		{5C62D8E8-4CC4-4E84-886F-5D1CC5C0ABD8}.Release|Any CPU.Build.0 = Release|Any CPU
		{3E26DEEE-DB4A-4FD6-B1D0-0A2A614EBC77}.Debug|Any CPU.ActiveCfg = Debug|Any CPU
		{3E26DEEE-DB4A-4FD6-B1D0-0A2A614EBC77}.Debug|Any CPU.Build.0 = Debug|Any CPU
		{3E26DEEE-DB4A-4FD6-B1D0-0A2A614EBC77}.Release|Any CPU.ActiveCfg = Release|Any CPU
		{3E26DEEE-DB4A-4FD6-B1D0-0A2A614EBC77}.Release|Any CPU.Build.0 = Release|Any CPU
		{247B15C8-9236-474C-83E6-F8C941DEBC52}.Debug|Any CPU.ActiveCfg = Debug|Any CPU
		{247B15C8-9236-474C-83E6-F8C941DEBC52}.Debug|Any CPU.Build.0 = Debug|Any CPU
		{247B15C8-9236-474C-83E6-F8C941DEBC52}.Release|Any CPU.ActiveCfg = Release|Any CPU
		{247B15C8-9236-474C-83E6-F8C941DEBC52}.Release|Any CPU.Build.0 = Release|Any CPU
		{B78B5D3D-F5A6-4F70-A84C-05F2E14ED4C0}.Debug|Any CPU.ActiveCfg = Debug|Any CPU
		{B78B5D3D-F5A6-4F70-A84C-05F2E14ED4C0}.Debug|Any CPU.Build.0 = Debug|Any CPU
		{B78B5D3D-F5A6-4F70-A84C-05F2E14ED4C0}.Release|Any CPU.ActiveCfg = Release|Any CPU
		{B78B5D3D-F5A6-4F70-A84C-05F2E14ED4C0}.Release|Any CPU.Build.0 = Release|Any CPU
		{3F7D84C5-9771-4B82-9AE8-4F372A93A9D4}.Debug|Any CPU.ActiveCfg = Debug|Any CPU
		{3F7D84C5-9771-4B82-9AE8-4F372A93A9D4}.Debug|Any CPU.Build.0 = Debug|Any CPU
		{3F7D84C5-9771-4B82-9AE8-4F372A93A9D4}.Release|Any CPU.ActiveCfg = Release|Any CPU
		{3F7D84C5-9771-4B82-9AE8-4F372A93A9D4}.Release|Any CPU.Build.0 = Release|Any CPU
		{4C3E2EE8-6603-4371-A2CD-A877675B2DE5}.Debug|Any CPU.ActiveCfg = Debug|Any CPU
		{4C3E2EE8-6603-4371-A2CD-A877675B2DE5}.Debug|Any CPU.Build.0 = Debug|Any CPU
		{4C3E2EE8-6603-4371-A2CD-A877675B2DE5}.Release|Any CPU.ActiveCfg = Release|Any CPU
		{4C3E2EE8-6603-4371-A2CD-A877675B2DE5}.Release|Any CPU.Build.0 = Release|Any CPU
		{439B08CD-A0B0-4BC9-AF68-432A2FA03BB9}.Debug|Any CPU.ActiveCfg = Debug|Any CPU
		{439B08CD-A0B0-4BC9-AF68-432A2FA03BB9}.Debug|Any CPU.Build.0 = Debug|Any CPU
		{439B08CD-A0B0-4BC9-AF68-432A2FA03BB9}.Release|Any CPU.ActiveCfg = Release|Any CPU
		{439B08CD-A0B0-4BC9-AF68-432A2FA03BB9}.Release|Any CPU.Build.0 = Release|Any CPU
		{ECA1C91C-F913-4446-B9C0-BCEFA23E82E6}.Debug|Any CPU.ActiveCfg = Debug|Any CPU
		{ECA1C91C-F913-4446-B9C0-BCEFA23E82E6}.Debug|Any CPU.Build.0 = Debug|Any CPU
		{ECA1C91C-F913-4446-B9C0-BCEFA23E82E6}.Release|Any CPU.ActiveCfg = Release|Any CPU
		{ECA1C91C-F913-4446-B9C0-BCEFA23E82E6}.Release|Any CPU.Build.0 = Release|Any CPU
		{B97C22F5-0896-4393-86FC-718BD78B4259}.Debug|Any CPU.ActiveCfg = Debug|Any CPU
		{B97C22F5-0896-4393-86FC-718BD78B4259}.Debug|Any CPU.Build.0 = Debug|Any CPU
		{B97C22F5-0896-4393-86FC-718BD78B4259}.Release|Any CPU.ActiveCfg = Release|Any CPU
		{B97C22F5-0896-4393-86FC-718BD78B4259}.Release|Any CPU.Build.0 = Release|Any CPU
		{E1989F71-C96B-4049-8FD7-39E23999B361}.Debug|Any CPU.ActiveCfg = Debug|Any CPU
		{E1989F71-C96B-4049-8FD7-39E23999B361}.Debug|Any CPU.Build.0 = Debug|Any CPU
		{E1989F71-C96B-4049-8FD7-39E23999B361}.Release|Any CPU.ActiveCfg = Release|Any CPU
		{E1989F71-C96B-4049-8FD7-39E23999B361}.Release|Any CPU.Build.0 = Release|Any CPU
	EndGlobalSection
	GlobalSection(SolutionProperties) = preSolution
		HideSolutionNode = FALSE
	EndGlobalSection
	GlobalSection(ExtensibilityGlobals) = postSolution
		SolutionGuid = {38436029-4984-44E9-BDC4-7476160BD47C}
	EndGlobalSection
EndGlobal
